// !$*UTF8*$!
{
	archiveVersion = 1;
	classes = {
	};
	objectVersion = 50;
	objects = {

/* Begin PBXBuildFile section */
		35CB982F22E679BB0072FC9A /* AppDelegate.swift in Sources */ = {isa = PBXBuildFile; fileRef = 35CB982E22E679BB0072FC9A /* AppDelegate.swift */; };
		35CB983122E679BB0072FC9A /* ViewController.swift in Sources */ = {isa = PBXBuildFile; fileRef = 35CB983022E679BB0072FC9A /* ViewController.swift */; };
		35CB983422E679BB0072FC9A /* Main.storyboard in Resources */ = {isa = PBXBuildFile; fileRef = 35CB983222E679BB0072FC9A /* Main.storyboard */; };
		35CB983722E679BB0072FC9A /* ademNewComputer.xcdatamodeld in Sources */ = {isa = PBXBuildFile; fileRef = 35CB983522E679BB0072FC9A /* ademNewComputer.xcdatamodeld */; };
		35CB983922E679BD0072FC9A /* Assets.xcassets in Resources */ = {isa = PBXBuildFile; fileRef = 35CB983822E679BD0072FC9A /* Assets.xcassets */; };
		35CB983C22E679BD0072FC9A /* LaunchScreen.storyboard in Resources */ = {isa = PBXBuildFile; fileRef = 35CB983A22E679BD0072FC9A /* LaunchScreen.storyboard */; };
		35CB984722E679BE0072FC9A /* ademNewComputerTests.swift in Sources */ = {isa = PBXBuildFile; fileRef = 35CB984622E679BE0072FC9A /* ademNewComputerTests.swift */; };
		35CB985222E679BE0072FC9A /* ademNewComputerUITests.swift in Sources */ = {isa = PBXBuildFile; fileRef = 35CB985122E679BE0072FC9A /* ademNewComputerUITests.swift */; };
		35E43C5D22E67BE9002D2B26 /* TableViewTest.swift in Sources */ = {isa = PBXBuildFile; fileRef = 35E43C5C22E67BE9002D2B26 /* TableViewTest.swift */; };
		35E43C5F22E67C10002D2B26 /* TestingAccount.swift in Sources */ = {isa = PBXBuildFile; fileRef = 35E43C5E22E67C10002D2B26 /* TestingAccount.swift */; };
		35E43C6122E67C2B002D2B26 /* productCell.swift in Sources */ = {isa = PBXBuildFile; fileRef = 35E43C6022E67C2B002D2B26 /* productCell.swift */; };
		35E43C6322E67C44002D2B26 /* AccountVCOld.swift in Sources */ = {isa = PBXBuildFile; fileRef = 35E43C6222E67C44002D2B26 /* AccountVCOld.swift */; };
		35E43C6522E67C57002D2B26 /* profileVC.swift in Sources */ = {isa = PBXBuildFile; fileRef = 35E43C6422E67C57002D2B26 /* profileVC.swift */; };
		35E43C6822E67CEB002D2B26 /* Custom Alert.swift in Sources */ = {isa = PBXBuildFile; fileRef = 35E43C6722E67CEB002D2B26 /* Custom Alert.swift */; };
		35E43C6B22E67D1D002D2B26 /* Circle Trasition.swift in Sources */ = {isa = PBXBuildFile; fileRef = 35E43C6A22E67D1D002D2B26 /* Circle Trasition.swift */; };
		35E43C6D22E67D35002D2B26 /* CircleTransition.swift in Sources */ = {isa = PBXBuildFile; fileRef = 35E43C6C22E67D35002D2B26 /* CircleTransition.swift */; };
		35E43C6F22E67D4A002D2B26 /* swipe.swift in Sources */ = {isa = PBXBuildFile; fileRef = 35E43C6E22E67D4A002D2B26 /* swipe.swift */; };
		35E43C7222E67D97002D2B26 /* SignUpInfo.swift in Sources */ = {isa = PBXBuildFile; fileRef = 35E43C7122E67D97002D2B26 /* SignUpInfo.swift */; };
		35E43C7522E67DC8002D2B26 /* Color.swift in Sources */ = {isa = PBXBuildFile; fileRef = 35E43C7422E67DC8002D2B26 /* Color.swift */; };
		35E43C7722E67DDF002D2B26 /* Design.Elements.swift in Sources */ = {isa = PBXBuildFile; fileRef = 35E43C7622E67DDF002D2B26 /* Design.Elements.swift */; };
		35E43C7922E67E0A002D2B26 /* AppDelegateUserLogin.swift in Sources */ = {isa = PBXBuildFile; fileRef = 35E43C7822E67E0A002D2B26 /* AppDelegateUserLogin.swift */; };
		35E43C7B22E67E22002D2B26 /* Delete cell extension.swift in Sources */ = {isa = PBXBuildFile; fileRef = 35E43C7A22E67E22002D2B26 /* Delete cell extension.swift */; };
		35E43C7D22E67E35002D2B26 /* toolBar.swift in Sources */ = {isa = PBXBuildFile; fileRef = 35E43C7C22E67E35002D2B26 /* toolBar.swift */; };
		35E43C8022E67E7D002D2B26 /* Login Screen.swift in Sources */ = {isa = PBXBuildFile; fileRef = 35E43C7F22E67E7D002D2B26 /* Login Screen.swift */; };
		35E43C8222E67E96002D2B26 /* ListVC.swift in Sources */ = {isa = PBXBuildFile; fileRef = 35E43C8122E67E96002D2B26 /* ListVC.swift */; };
		35E43C8422E67EB1002D2B26 /* ItemVC.swift in Sources */ = {isa = PBXBuildFile; fileRef = 35E43C8322E67EB1002D2B26 /* ItemVC.swift */; };
		35E43C8622E67ECD002D2B26 /* PantryVC.swift in Sources */ = {isa = PBXBuildFile; fileRef = 35E43C8522E67ECD002D2B26 /* PantryVC.swift */; };
		35E43C8822E67EE4002D2B26 /* Meals.swift in Sources */ = {isa = PBXBuildFile; fileRef = 35E43C8722E67EE4002D2B26 /* Meals.swift */; };
		35E43C8A22E67EFA002D2B26 /* AccountVC.swift in Sources */ = {isa = PBXBuildFile; fileRef = 35E43C8922E67EFA002D2B26 /* AccountVC.swift */; };
		35E43C8C22E67F18002D2B26 /* tabController.swift in Sources */ = {isa = PBXBuildFile; fileRef = 35E43C8B22E67F18002D2B26 /* tabController.swift */; };
		35E43C8E22E67F3A002D2B26 /* ProductInfoVC.swift in Sources */ = {isa = PBXBuildFile; fileRef = 35E43C8D22E67F39002D2B26 /* ProductInfoVC.swift */; };
		35E43C9022E67F4C002D2B26 /* settingVC.swift in Sources */ = {isa = PBXBuildFile; fileRef = 35E43C8F22E67F4C002D2B26 /* settingVC.swift */; };
		35E43C9222E67F68002D2B26 /* SearchVC.swift in Sources */ = {isa = PBXBuildFile; fileRef = 35E43C9122E67F68002D2B26 /* SearchVC.swift */; };
		35E43C9422E67F8E002D2B26 /* PantryVCBackup.swift in Sources */ = {isa = PBXBuildFile; fileRef = 35E43C9322E67F8E002D2B26 /* PantryVCBackup.swift */; };
		35E43C9622E67FA8002D2B26 /* accountBackup.swift in Sources */ = {isa = PBXBuildFile; fileRef = 35E43C9522E67FA8002D2B26 /* accountBackup.swift */; };
		35E43C9922E68020002D2B26 /* AcctCellDesign.swift in Sources */ = {isa = PBXBuildFile; fileRef = 35E43C9822E68020002D2B26 /* AcctCellDesign.swift */; };
		35E43C9B22E68040002D2B26 /* ProductCell.swift in Sources */ = {isa = PBXBuildFile; fileRef = 35E43C9A22E68040002D2B26 /* ProductCell.swift */; };
		35E43C9D22E68053002D2B26 /* tabBar.swift in Sources */ = {isa = PBXBuildFile; fileRef = 35E43C9C22E68053002D2B26 /* tabBar.swift */; };
		35E43C9F22E6806A002D2B26 /* CellLayout.swift in Sources */ = {isa = PBXBuildFile; fileRef = 35E43C9E22E6806A002D2B26 /* CellLayout.swift */; };
		35E43CA122E6807E002D2B26 /* AcctElements.swift in Sources */ = {isa = PBXBuildFile; fileRef = 35E43CA022E6807E002D2B26 /* AcctElements.swift */; };
		35E43CA322E68095002D2B26 /* ItemLayout.swift in Sources */ = {isa = PBXBuildFile; fileRef = 35E43CA222E68095002D2B26 /* ItemLayout.swift */; };
		35E43CA522E680B4002D2B26 /* settingsLayout.swift in Sources */ = {isa = PBXBuildFile; fileRef = 35E43CA422E680B4002D2B26 /* settingsLayout.swift */; };
		35E43CA722E680D0002D2B26 /* pantryCellLayout.swift in Sources */ = {isa = PBXBuildFile; fileRef = 35E43CA622E680D0002D2B26 /* pantryCellLayout.swift */; };
		35E43CA922E680E9002D2B26 /* ItemVCLayout.swift in Sources */ = {isa = PBXBuildFile; fileRef = 35E43CA822E680E9002D2B26 /* ItemVCLayout.swift */; };
		35E43CAB22E680FF002D2B26 /* accountViews.swift in Sources */ = {isa = PBXBuildFile; fileRef = 35E43CAA22E680FF002D2B26 /* accountViews.swift */; };
		35E43CAE22E68143002D2B26 /* DataService.swift in Sources */ = {isa = PBXBuildFile; fileRef = 35E43CAD22E68143002D2B26 /* DataService.swift */; };
		35E43CB022E6815C002D2B26 /* Cloud Storage.swift in Sources */ = {isa = PBXBuildFile; fileRef = 35E43CAF22E6815C002D2B26 /* Cloud Storage.swift */; };
		35E43CB322E6817C002D2B26 /* DynamicAttributes.swift in Sources */ = {isa = PBXBuildFile; fileRef = 35E43CB222E6817C002D2B26 /* DynamicAttributes.swift */; };
		35E43CB522E68193002D2B26 /* Product.swift in Sources */ = {isa = PBXBuildFile; fileRef = 35E43CB422E68193002D2B26 /* Product.swift */; };
		35E43CB722E681A9002D2B26 /* PantryDataModel.swift in Sources */ = {isa = PBXBuildFile; fileRef = 35E43CB622E681A9002D2B26 /* PantryDataModel.swift */; };
		35E43CBA22E681DF002D2B26 /* BLEHR.swift in Sources */ = {isa = PBXBuildFile; fileRef = 35E43CB922E681DF002D2B26 /* BLEHR.swift */; };
		35E43CBD22E68203002D2B26 /* FirebaseFiles.swift in Sources */ = {isa = PBXBuildFile; fileRef = 35E43CBC22E68203002D2B26 /* FirebaseFiles.swift */; };
		35E43CC022E6822D002D2B26 /* FriendsLayout.swift in Sources */ = {isa = PBXBuildFile; fileRef = 35E43CBF22E6822D002D2B26 /* FriendsLayout.swift */; };
		35E43CC222E68246002D2B26 /* SettingTVC.swift in Sources */ = {isa = PBXBuildFile; fileRef = 35E43CC122E68246002D2B26 /* SettingTVC.swift */; };
		605E4AD90EEB55D0CBA376CB /* Pods_ademNewComputerUITests.framework in Frameworks */ = {isa = PBXBuildFile; fileRef = 158673F25343896B08638988 /* Pods_ademNewComputerUITests.framework */; };
		ACEF63C3BA3423982D356417 /* Pods_ademNewComputerTests.framework in Frameworks */ = {isa = PBXBuildFile; fileRef = 5461801C3795FC8D257380E7 /* Pods_ademNewComputerTests.framework */; };
		F08F58C4F963939438F73E01 /* Pods_ademNewComputer.framework in Frameworks */ = {isa = PBXBuildFile; fileRef = B7E04E5ED87B2ADA27F64367 /* Pods_ademNewComputer.framework */; };
/* End PBXBuildFile section */

/* Begin PBXContainerItemProxy section */
		35CB984322E679BE0072FC9A /* PBXContainerItemProxy */ = {
			isa = PBXContainerItemProxy;
			containerPortal = 35CB982322E679BB0072FC9A /* Project object */;
			proxyType = 1;
			remoteGlobalIDString = 35CB982A22E679BB0072FC9A;
			remoteInfo = ademNewComputer;
		};
		35CB984E22E679BE0072FC9A /* PBXContainerItemProxy */ = {
			isa = PBXContainerItemProxy;
			containerPortal = 35CB982322E679BB0072FC9A /* Project object */;
			proxyType = 1;
			remoteGlobalIDString = 35CB982A22E679BB0072FC9A;
			remoteInfo = ademNewComputer;
		};
/* End PBXContainerItemProxy section */

/* Begin PBXFileReference section */
		158673F25343896B08638988 /* Pods_ademNewComputerUITests.framework */ = {isa = PBXFileReference; explicitFileType = wrapper.framework; includeInIndex = 0; path = Pods_ademNewComputerUITests.framework; sourceTree = BUILT_PRODUCTS_DIR; };
		35CB982B22E679BB0072FC9A /* ademNewComputer.app */ = {isa = PBXFileReference; explicitFileType = wrapper.application; includeInIndex = 0; path = ademNewComputer.app; sourceTree = BUILT_PRODUCTS_DIR; };
		35CB982E22E679BB0072FC9A /* AppDelegate.swift */ = {isa = PBXFileReference; lastKnownFileType = sourcecode.swift; path = AppDelegate.swift; sourceTree = "<group>"; };
		35CB983022E679BB0072FC9A /* ViewController.swift */ = {isa = PBXFileReference; lastKnownFileType = sourcecode.swift; path = ViewController.swift; sourceTree = "<group>"; };
		35CB983322E679BB0072FC9A /* Base */ = {isa = PBXFileReference; lastKnownFileType = file.storyboard; name = Base; path = Base.lproj/Main.storyboard; sourceTree = "<group>"; };
		35CB983622E679BB0072FC9A /* ademNewComputer.xcdatamodel */ = {isa = PBXFileReference; lastKnownFileType = wrapper.xcdatamodel; path = ademNewComputer.xcdatamodel; sourceTree = "<group>"; };
		35CB983822E679BD0072FC9A /* Assets.xcassets */ = {isa = PBXFileReference; lastKnownFileType = folder.assetcatalog; path = Assets.xcassets; sourceTree = "<group>"; };
		35CB983B22E679BD0072FC9A /* Base */ = {isa = PBXFileReference; lastKnownFileType = file.storyboard; name = Base; path = Base.lproj/LaunchScreen.storyboard; sourceTree = "<group>"; };
		35CB983D22E679BD0072FC9A /* Info.plist */ = {isa = PBXFileReference; lastKnownFileType = text.plist.xml; path = Info.plist; sourceTree = "<group>"; };
		35CB984222E679BE0072FC9A /* ademNewComputerTests.xctest */ = {isa = PBXFileReference; explicitFileType = wrapper.cfbundle; includeInIndex = 0; path = ademNewComputerTests.xctest; sourceTree = BUILT_PRODUCTS_DIR; };
		35CB984622E679BE0072FC9A /* ademNewComputerTests.swift */ = {isa = PBXFileReference; lastKnownFileType = sourcecode.swift; path = ademNewComputerTests.swift; sourceTree = "<group>"; };
		35CB984822E679BE0072FC9A /* Info.plist */ = {isa = PBXFileReference; lastKnownFileType = text.plist.xml; path = Info.plist; sourceTree = "<group>"; };
		35CB984D22E679BE0072FC9A /* ademNewComputerUITests.xctest */ = {isa = PBXFileReference; explicitFileType = wrapper.cfbundle; includeInIndex = 0; path = ademNewComputerUITests.xctest; sourceTree = BUILT_PRODUCTS_DIR; };
		35CB985122E679BE0072FC9A /* ademNewComputerUITests.swift */ = {isa = PBXFileReference; lastKnownFileType = sourcecode.swift; path = ademNewComputerUITests.swift; sourceTree = "<group>"; };
		35CB985322E679BE0072FC9A /* Info.plist */ = {isa = PBXFileReference; lastKnownFileType = text.plist.xml; path = Info.plist; sourceTree = "<group>"; };
		35E43C5C22E67BE9002D2B26 /* TableViewTest.swift */ = {isa = PBXFileReference; lastKnownFileType = sourcecode.swift; path = TableViewTest.swift; sourceTree = "<group>"; };
		35E43C5E22E67C10002D2B26 /* TestingAccount.swift */ = {isa = PBXFileReference; lastKnownFileType = sourcecode.swift; path = TestingAccount.swift; sourceTree = "<group>"; };
		35E43C6022E67C2B002D2B26 /* productCell.swift */ = {isa = PBXFileReference; lastKnownFileType = sourcecode.swift; path = productCell.swift; sourceTree = "<group>"; };
		35E43C6222E67C44002D2B26 /* AccountVCOld.swift */ = {isa = PBXFileReference; lastKnownFileType = sourcecode.swift; path = AccountVCOld.swift; sourceTree = "<group>"; };
		35E43C6422E67C57002D2B26 /* profileVC.swift */ = {isa = PBXFileReference; lastKnownFileType = sourcecode.swift; path = profileVC.swift; sourceTree = "<group>"; };
		35E43C6722E67CEB002D2B26 /* Custom Alert.swift */ = {isa = PBXFileReference; lastKnownFileType = sourcecode.swift; path = "Custom Alert.swift"; sourceTree = "<group>"; };
		35E43C6A22E67D1D002D2B26 /* Circle Trasition.swift */ = {isa = PBXFileReference; lastKnownFileType = sourcecode.swift; path = "Circle Trasition.swift"; sourceTree = "<group>"; };
		35E43C6C22E67D35002D2B26 /* CircleTransition.swift */ = {isa = PBXFileReference; lastKnownFileType = sourcecode.swift; path = CircleTransition.swift; sourceTree = "<group>"; };
		35E43C6E22E67D4A002D2B26 /* swipe.swift */ = {isa = PBXFileReference; lastKnownFileType = sourcecode.swift; path = swipe.swift; sourceTree = "<group>"; };
		35E43C7122E67D97002D2B26 /* SignUpInfo.swift */ = {isa = PBXFileReference; lastKnownFileType = sourcecode.swift; path = SignUpInfo.swift; sourceTree = "<group>"; };
		35E43C7422E67DC8002D2B26 /* Color.swift */ = {isa = PBXFileReference; lastKnownFileType = sourcecode.swift; path = Color.swift; sourceTree = "<group>"; };
		35E43C7622E67DDF002D2B26 /* Design.Elements.swift */ = {isa = PBXFileReference; lastKnownFileType = sourcecode.swift; path = Design.Elements.swift; sourceTree = "<group>"; };
		35E43C7822E67E0A002D2B26 /* AppDelegateUserLogin.swift */ = {isa = PBXFileReference; lastKnownFileType = sourcecode.swift; path = AppDelegateUserLogin.swift; sourceTree = "<group>"; };
		35E43C7A22E67E22002D2B26 /* Delete cell extension.swift */ = {isa = PBXFileReference; lastKnownFileType = sourcecode.swift; path = "Delete cell extension.swift"; sourceTree = "<group>"; };
		35E43C7C22E67E35002D2B26 /* toolBar.swift */ = {isa = PBXFileReference; lastKnownFileType = sourcecode.swift; path = toolBar.swift; sourceTree = "<group>"; };
		35E43C7F22E67E7D002D2B26 /* Login Screen.swift */ = {isa = PBXFileReference; lastKnownFileType = sourcecode.swift; path = "Login Screen.swift"; sourceTree = "<group>"; };
		35E43C8122E67E96002D2B26 /* ListVC.swift */ = {isa = PBXFileReference; lastKnownFileType = sourcecode.swift; path = ListVC.swift; sourceTree = "<group>"; };
		35E43C8322E67EB1002D2B26 /* ItemVC.swift */ = {isa = PBXFileReference; lastKnownFileType = sourcecode.swift; path = ItemVC.swift; sourceTree = "<group>"; };
		35E43C8522E67ECD002D2B26 /* PantryVC.swift */ = {isa = PBXFileReference; lastKnownFileType = sourcecode.swift; path = PantryVC.swift; sourceTree = "<group>"; };
		35E43C8722E67EE4002D2B26 /* Meals.swift */ = {isa = PBXFileReference; lastKnownFileType = sourcecode.swift; path = Meals.swift; sourceTree = "<group>"; };
		35E43C8922E67EFA002D2B26 /* AccountVC.swift */ = {isa = PBXFileReference; lastKnownFileType = sourcecode.swift; path = AccountVC.swift; sourceTree = "<group>"; };
		35E43C8B22E67F18002D2B26 /* tabController.swift */ = {isa = PBXFileReference; lastKnownFileType = sourcecode.swift; path = tabController.swift; sourceTree = "<group>"; };
		35E43C8D22E67F39002D2B26 /* ProductInfoVC.swift */ = {isa = PBXFileReference; lastKnownFileType = sourcecode.swift; path = ProductInfoVC.swift; sourceTree = "<group>"; };
		35E43C8F22E67F4C002D2B26 /* settingVC.swift */ = {isa = PBXFileReference; lastKnownFileType = sourcecode.swift; path = settingVC.swift; sourceTree = "<group>"; };
		35E43C9122E67F68002D2B26 /* SearchVC.swift */ = {isa = PBXFileReference; lastKnownFileType = sourcecode.swift; path = SearchVC.swift; sourceTree = "<group>"; };
		35E43C9322E67F8E002D2B26 /* PantryVCBackup.swift */ = {isa = PBXFileReference; lastKnownFileType = sourcecode.swift; path = PantryVCBackup.swift; sourceTree = "<group>"; };
		35E43C9522E67FA8002D2B26 /* accountBackup.swift */ = {isa = PBXFileReference; lastKnownFileType = sourcecode.swift; path = accountBackup.swift; sourceTree = "<group>"; };
		35E43C9822E68020002D2B26 /* AcctCellDesign.swift */ = {isa = PBXFileReference; lastKnownFileType = sourcecode.swift; path = AcctCellDesign.swift; sourceTree = "<group>"; };
		35E43C9A22E68040002D2B26 /* ProductCell.swift */ = {isa = PBXFileReference; lastKnownFileType = sourcecode.swift; path = ProductCell.swift; sourceTree = "<group>"; };
		35E43C9C22E68053002D2B26 /* tabBar.swift */ = {isa = PBXFileReference; lastKnownFileType = sourcecode.swift; path = tabBar.swift; sourceTree = "<group>"; };
		35E43C9E22E6806A002D2B26 /* CellLayout.swift */ = {isa = PBXFileReference; lastKnownFileType = sourcecode.swift; path = CellLayout.swift; sourceTree = "<group>"; };
		35E43CA022E6807E002D2B26 /* AcctElements.swift */ = {isa = PBXFileReference; lastKnownFileType = sourcecode.swift; path = AcctElements.swift; sourceTree = "<group>"; };
		35E43CA222E68095002D2B26 /* ItemLayout.swift */ = {isa = PBXFileReference; lastKnownFileType = sourcecode.swift; path = ItemLayout.swift; sourceTree = "<group>"; };
		35E43CA422E680B4002D2B26 /* settingsLayout.swift */ = {isa = PBXFileReference; lastKnownFileType = sourcecode.swift; path = settingsLayout.swift; sourceTree = "<group>"; };
		35E43CA622E680D0002D2B26 /* pantryCellLayout.swift */ = {isa = PBXFileReference; lastKnownFileType = sourcecode.swift; path = pantryCellLayout.swift; sourceTree = "<group>"; };
		35E43CA822E680E9002D2B26 /* ItemVCLayout.swift */ = {isa = PBXFileReference; lastKnownFileType = sourcecode.swift; path = ItemVCLayout.swift; sourceTree = "<group>"; };
		35E43CAA22E680FF002D2B26 /* accountViews.swift */ = {isa = PBXFileReference; lastKnownFileType = sourcecode.swift; path = accountViews.swift; sourceTree = "<group>"; };
		35E43CAD22E68143002D2B26 /* DataService.swift */ = {isa = PBXFileReference; lastKnownFileType = sourcecode.swift; path = DataService.swift; sourceTree = "<group>"; };
		35E43CAF22E6815C002D2B26 /* Cloud Storage.swift */ = {isa = PBXFileReference; lastKnownFileType = sourcecode.swift; path = "Cloud Storage.swift"; sourceTree = "<group>"; };
		35E43CB222E6817C002D2B26 /* DynamicAttributes.swift */ = {isa = PBXFileReference; lastKnownFileType = sourcecode.swift; path = DynamicAttributes.swift; sourceTree = "<group>"; };
		35E43CB422E68193002D2B26 /* Product.swift */ = {isa = PBXFileReference; lastKnownFileType = sourcecode.swift; path = Product.swift; sourceTree = "<group>"; };
		35E43CB622E681A9002D2B26 /* PantryDataModel.swift */ = {isa = PBXFileReference; lastKnownFileType = sourcecode.swift; path = PantryDataModel.swift; sourceTree = "<group>"; };
		35E43CB922E681DF002D2B26 /* BLEHR.swift */ = {isa = PBXFileReference; lastKnownFileType = sourcecode.swift; path = BLEHR.swift; sourceTree = "<group>"; };
		35E43CBC22E68203002D2B26 /* FirebaseFiles.swift */ = {isa = PBXFileReference; lastKnownFileType = sourcecode.swift; path = FirebaseFiles.swift; sourceTree = "<group>"; };
		35E43CBF22E6822D002D2B26 /* FriendsLayout.swift */ = {isa = PBXFileReference; lastKnownFileType = sourcecode.swift; path = FriendsLayout.swift; sourceTree = "<group>"; };
		35E43CC122E68246002D2B26 /* SettingTVC.swift */ = {isa = PBXFileReference; lastKnownFileType = sourcecode.swift; path = SettingTVC.swift; sourceTree = "<group>"; };
		5461801C3795FC8D257380E7 /* Pods_ademNewComputerTests.framework */ = {isa = PBXFileReference; explicitFileType = wrapper.framework; includeInIndex = 0; path = Pods_ademNewComputerTests.framework; sourceTree = BUILT_PRODUCTS_DIR; };
		6B3BA109A355960EB8A5F210 /* Pods-ademNewComputerUITests.debug.xcconfig */ = {isa = PBXFileReference; includeInIndex = 1; lastKnownFileType = text.xcconfig; name = "Pods-ademNewComputerUITests.debug.xcconfig"; path = "Pods/Target Support Files/Pods-ademNewComputerUITests/Pods-ademNewComputerUITests.debug.xcconfig"; sourceTree = "<group>"; };
		8AA78CA9286A0E9794EF79FE /* Pods-ademNewComputer.debug.xcconfig */ = {isa = PBXFileReference; includeInIndex = 1; lastKnownFileType = text.xcconfig; name = "Pods-ademNewComputer.debug.xcconfig"; path = "Pods/Target Support Files/Pods-ademNewComputer/Pods-ademNewComputer.debug.xcconfig"; sourceTree = "<group>"; };
		AAF457D5247669797853F893 /* Pods-ademNewComputerTests.debug.xcconfig */ = {isa = PBXFileReference; includeInIndex = 1; lastKnownFileType = text.xcconfig; name = "Pods-ademNewComputerTests.debug.xcconfig"; path = "Pods/Target Support Files/Pods-ademNewComputerTests/Pods-ademNewComputerTests.debug.xcconfig"; sourceTree = "<group>"; };
		B7E04E5ED87B2ADA27F64367 /* Pods_ademNewComputer.framework */ = {isa = PBXFileReference; explicitFileType = wrapper.framework; includeInIndex = 0; path = Pods_ademNewComputer.framework; sourceTree = BUILT_PRODUCTS_DIR; };
		B9EF175D1EC2A62E4C2CA2A5 /* Pods-ademNewComputerTests.release.xcconfig */ = {isa = PBXFileReference; includeInIndex = 1; lastKnownFileType = text.xcconfig; name = "Pods-ademNewComputerTests.release.xcconfig"; path = "Pods/Target Support Files/Pods-ademNewComputerTests/Pods-ademNewComputerTests.release.xcconfig"; sourceTree = "<group>"; };
		C06B285B7EC766AC45C781EF /* Pods-ademNewComputer.release.xcconfig */ = {isa = PBXFileReference; includeInIndex = 1; lastKnownFileType = text.xcconfig; name = "Pods-ademNewComputer.release.xcconfig"; path = "Pods/Target Support Files/Pods-ademNewComputer/Pods-ademNewComputer.release.xcconfig"; sourceTree = "<group>"; };
		CE2AF4B31DA736DDAF552F93 /* Pods-ademNewComputerUITests.release.xcconfig */ = {isa = PBXFileReference; includeInIndex = 1; lastKnownFileType = text.xcconfig; name = "Pods-ademNewComputerUITests.release.xcconfig"; path = "Pods/Target Support Files/Pods-ademNewComputerUITests/Pods-ademNewComputerUITests.release.xcconfig"; sourceTree = "<group>"; };
/* End PBXFileReference section */

/* Begin PBXFrameworksBuildPhase section */
		35CB982822E679BB0072FC9A /* Frameworks */ = {
			isa = PBXFrameworksBuildPhase;
			buildActionMask = 2147483647;
			files = (
				F08F58C4F963939438F73E01 /* Pods_ademNewComputer.framework in Frameworks */,
			);
			runOnlyForDeploymentPostprocessing = 0;
		};
		35CB983F22E679BE0072FC9A /* Frameworks */ = {
			isa = PBXFrameworksBuildPhase;
			buildActionMask = 2147483647;
			files = (
				ACEF63C3BA3423982D356417 /* Pods_ademNewComputerTests.framework in Frameworks */,
			);
			runOnlyForDeploymentPostprocessing = 0;
		};
		35CB984A22E679BE0072FC9A /* Frameworks */ = {
			isa = PBXFrameworksBuildPhase;
			buildActionMask = 2147483647;
			files = (
				605E4AD90EEB55D0CBA376CB /* Pods_ademNewComputerUITests.framework in Frameworks */,
			);
			runOnlyForDeploymentPostprocessing = 0;
		};
/* End PBXFrameworksBuildPhase section */

/* Begin PBXGroup section */
		238109C1300C7A827D1E3F88 /* Pods */ = {
			isa = PBXGroup;
			children = (
				8AA78CA9286A0E9794EF79FE /* Pods-ademNewComputer.debug.xcconfig */,
				C06B285B7EC766AC45C781EF /* Pods-ademNewComputer.release.xcconfig */,
				AAF457D5247669797853F893 /* Pods-ademNewComputerTests.debug.xcconfig */,
				B9EF175D1EC2A62E4C2CA2A5 /* Pods-ademNewComputerTests.release.xcconfig */,
				6B3BA109A355960EB8A5F210 /* Pods-ademNewComputerUITests.debug.xcconfig */,
				CE2AF4B31DA736DDAF552F93 /* Pods-ademNewComputerUITests.release.xcconfig */,
			);
			name = Pods;
			sourceTree = "<group>";
		};
		31B41D55B692B0B1B63E08E9 /* Frameworks */ = {
			isa = PBXGroup;
			children = (
				B7E04E5ED87B2ADA27F64367 /* Pods_ademNewComputer.framework */,
				5461801C3795FC8D257380E7 /* Pods_ademNewComputerTests.framework */,
				158673F25343896B08638988 /* Pods_ademNewComputerUITests.framework */,
			);
			name = Frameworks;
			sourceTree = "<group>";
		};
		35CB982222E679BB0072FC9A = {
			isa = PBXGroup;
			children = (
				35CB982D22E679BB0072FC9A /* ademNewComputer */,
				35CB984522E679BE0072FC9A /* ademNewComputerTests */,
				35CB985022E679BE0072FC9A /* ademNewComputerUITests */,
				35CB982C22E679BB0072FC9A /* Products */,
				238109C1300C7A827D1E3F88 /* Pods */,
				31B41D55B692B0B1B63E08E9 /* Frameworks */,
			);
			sourceTree = "<group>";
		};
		35CB982C22E679BB0072FC9A /* Products */ = {
			isa = PBXGroup;
			children = (
				35CB982B22E679BB0072FC9A /* ademNewComputer.app */,
				35CB984222E679BE0072FC9A /* ademNewComputerTests.xctest */,
				35CB984D22E679BE0072FC9A /* ademNewComputerUITests.xctest */,
			);
			name = Products;
			sourceTree = "<group>";
		};
		35CB982D22E679BB0072FC9A /* ademNewComputer */ = {
			isa = PBXGroup;
			children = (
				35E43CBE22E68213002D2B26 /* TableViewControllers */,
				35E43CBB22E681EB002D2B26 /* File Mapping */,
				35E43CB822E681CE002D2B26 /* Bluetooth */,
				35E43CB122E68169002D2B26 /* Model */,
				35E43CAC22E68130002D2B26 /* Services */,
				35E43C9722E68005002D2B26 /* Views */,
				35E43C7E22E67E61002D2B26 /* Controllers */,
				35E43C7322E67DA9002D2B26 /* Extensions */,
				35E43C7022E67D70002D2B26 /* SignUp */,
				35E43C6922E67CFF002D2B26 /* Transition */,
				35E43C6622E67CDA002D2B26 /* Alert */,
				35E43C5B22E67BD2002D2B26 /* New Group */,
				35CB982E22E679BB0072FC9A /* AppDelegate.swift */,
				35CB983022E679BB0072FC9A /* ViewController.swift */,
				35CB983222E679BB0072FC9A /* Main.storyboard */,
				35CB983822E679BD0072FC9A /* Assets.xcassets */,
				35CB983A22E679BD0072FC9A /* LaunchScreen.storyboard */,
				35CB983D22E679BD0072FC9A /* Info.plist */,
				35CB983522E679BB0072FC9A /* ademNewComputer.xcdatamodeld */,
			);
			path = ademNewComputer;
			sourceTree = "<group>";
		};
		35CB984522E679BE0072FC9A /* ademNewComputerTests */ = {
			isa = PBXGroup;
			children = (
				35CB984622E679BE0072FC9A /* ademNewComputerTests.swift */,
				35CB984822E679BE0072FC9A /* Info.plist */,
			);
			path = ademNewComputerTests;
			sourceTree = "<group>";
		};
		35CB985022E679BE0072FC9A /* ademNewComputerUITests */ = {
			isa = PBXGroup;
			children = (
				35CB985122E679BE0072FC9A /* ademNewComputerUITests.swift */,
				35CB985322E679BE0072FC9A /* Info.plist */,
			);
			path = ademNewComputerUITests;
			sourceTree = "<group>";
		};
		35E43C5B22E67BD2002D2B26 /* New Group */ = {
			isa = PBXGroup;
			children = (
				35E43C5C22E67BE9002D2B26 /* TableViewTest.swift */,
				35E43C5E22E67C10002D2B26 /* TestingAccount.swift */,
				35E43C6022E67C2B002D2B26 /* productCell.swift */,
				35E43C6222E67C44002D2B26 /* AccountVCOld.swift */,
				35E43C6422E67C57002D2B26 /* profileVC.swift */,
			);
			path = "New Group";
			sourceTree = "<group>";
		};
		35E43C6622E67CDA002D2B26 /* Alert */ = {
			isa = PBXGroup;
			children = (
				35E43C6722E67CEB002D2B26 /* Custom Alert.swift */,
			);
			path = Alert;
			sourceTree = "<group>";
		};
		35E43C6922E67CFF002D2B26 /* Transition */ = {
			isa = PBXGroup;
			children = (
				35E43C6A22E67D1D002D2B26 /* Circle Trasition.swift */,
				35E43C6C22E67D35002D2B26 /* CircleTransition.swift */,
				35E43C6E22E67D4A002D2B26 /* swipe.swift */,
			);
			path = Transition;
			sourceTree = "<group>";
		};
		35E43C7022E67D70002D2B26 /* SignUp */ = {
			isa = PBXGroup;
			children = (
				35E43C7122E67D97002D2B26 /* SignUpInfo.swift */,
			);
			path = SignUp;
			sourceTree = "<group>";
		};
		35E43C7322E67DA9002D2B26 /* Extensions */ = {
			isa = PBXGroup;
			children = (
				35E43C7422E67DC8002D2B26 /* Color.swift */,
				35E43C7622E67DDF002D2B26 /* Design.Elements.swift */,
				35E43C7822E67E0A002D2B26 /* AppDelegateUserLogin.swift */,
				35E43C7A22E67E22002D2B26 /* Delete cell extension.swift */,
				35E43C7C22E67E35002D2B26 /* toolBar.swift */,
			);
			path = Extensions;
			sourceTree = "<group>";
		};
		35E43C7E22E67E61002D2B26 /* Controllers */ = {
			isa = PBXGroup;
			children = (
				35E43C7F22E67E7D002D2B26 /* Login Screen.swift */,
				35E43C8122E67E96002D2B26 /* ListVC.swift */,
				35E43C8322E67EB1002D2B26 /* ItemVC.swift */,
				35E43C8522E67ECD002D2B26 /* PantryVC.swift */,
				35E43C8722E67EE4002D2B26 /* Meals.swift */,
				35E43C8922E67EFA002D2B26 /* AccountVC.swift */,
				35E43C8B22E67F18002D2B26 /* tabController.swift */,
				35E43C8D22E67F39002D2B26 /* ProductInfoVC.swift */,
				35E43C8F22E67F4C002D2B26 /* settingVC.swift */,
				35E43C9122E67F68002D2B26 /* SearchVC.swift */,
				35E43C9322E67F8E002D2B26 /* PantryVCBackup.swift */,
				35E43C9522E67FA8002D2B26 /* accountBackup.swift */,
			);
			path = Controllers;
			sourceTree = "<group>";
		};
		35E43C9722E68005002D2B26 /* Views */ = {
			isa = PBXGroup;
			children = (
				35E43C9822E68020002D2B26 /* AcctCellDesign.swift */,
				35E43C9A22E68040002D2B26 /* ProductCell.swift */,
				35E43C9C22E68053002D2B26 /* tabBar.swift */,
				35E43C9E22E6806A002D2B26 /* CellLayout.swift */,
				35E43CA022E6807E002D2B26 /* AcctElements.swift */,
				35E43CA222E68095002D2B26 /* ItemLayout.swift */,
				35E43CA422E680B4002D2B26 /* settingsLayout.swift */,
				35E43CA622E680D0002D2B26 /* pantryCellLayout.swift */,
				35E43CA822E680E9002D2B26 /* ItemVCLayout.swift */,
				35E43CAA22E680FF002D2B26 /* accountViews.swift */,
			);
			path = Views;
			sourceTree = "<group>";
		};
		35E43CAC22E68130002D2B26 /* Services */ = {
			isa = PBXGroup;
			children = (
				35E43CAD22E68143002D2B26 /* DataService.swift */,
				35E43CAF22E6815C002D2B26 /* Cloud Storage.swift */,
			);
			path = Services;
			sourceTree = "<group>";
		};
		35E43CB122E68169002D2B26 /* Model */ = {
			isa = PBXGroup;
			children = (
				35E43CB222E6817C002D2B26 /* DynamicAttributes.swift */,
				35E43CB422E68193002D2B26 /* Product.swift */,
				35E43CB622E681A9002D2B26 /* PantryDataModel.swift */,
			);
			path = Model;
			sourceTree = "<group>";
		};
		35E43CB822E681CE002D2B26 /* Bluetooth */ = {
			isa = PBXGroup;
			children = (
				35E43CB922E681DF002D2B26 /* BLEHR.swift */,
			);
			path = Bluetooth;
			sourceTree = "<group>";
		};
		35E43CBB22E681EB002D2B26 /* File Mapping */ = {
			isa = PBXGroup;
			children = (
				35E43CBC22E68203002D2B26 /* FirebaseFiles.swift */,
			);
			path = "File Mapping";
			sourceTree = "<group>";
		};
		35E43CBE22E68213002D2B26 /* TableViewControllers */ = {
			isa = PBXGroup;
			children = (
				35E43CBF22E6822D002D2B26 /* FriendsLayout.swift */,
				35E43CC122E68246002D2B26 /* SettingTVC.swift */,
			);
			path = TableViewControllers;
			sourceTree = "<group>";
		};
/* End PBXGroup section */

/* Begin PBXNativeTarget section */
		35CB982A22E679BB0072FC9A /* ademNewComputer */ = {
			isa = PBXNativeTarget;
			buildConfigurationList = 35CB985622E679BE0072FC9A /* Build configuration list for PBXNativeTarget "ademNewComputer" */;
			buildPhases = (
				597D40C00747C2C3741E53C7 /* [CP] Check Pods Manifest.lock */,
				35CB982722E679BB0072FC9A /* Sources */,
				35CB982822E679BB0072FC9A /* Frameworks */,
				35CB982922E679BB0072FC9A /* Resources */,
			);
			buildRules = (
			);
			dependencies = (
			);
			name = ademNewComputer;
			productName = ademNewComputer;
			productReference = 35CB982B22E679BB0072FC9A /* ademNewComputer.app */;
			productType = "com.apple.product-type.application";
		};
		35CB984122E679BE0072FC9A /* ademNewComputerTests */ = {
			isa = PBXNativeTarget;
			buildConfigurationList = 35CB985922E679BE0072FC9A /* Build configuration list for PBXNativeTarget "ademNewComputerTests" */;
			buildPhases = (
				F8FF13DA17E1CBA5ECC53780 /* [CP] Check Pods Manifest.lock */,
				35CB983E22E679BE0072FC9A /* Sources */,
				35CB983F22E679BE0072FC9A /* Frameworks */,
				35CB984022E679BE0072FC9A /* Resources */,
			);
			buildRules = (
			);
			dependencies = (
				35CB984422E679BE0072FC9A /* PBXTargetDependency */,
			);
			name = ademNewComputerTests;
			productName = ademNewComputerTests;
			productReference = 35CB984222E679BE0072FC9A /* ademNewComputerTests.xctest */;
			productType = "com.apple.product-type.bundle.unit-test";
		};
		35CB984C22E679BE0072FC9A /* ademNewComputerUITests */ = {
			isa = PBXNativeTarget;
			buildConfigurationList = 35CB985C22E679BE0072FC9A /* Build configuration list for PBXNativeTarget "ademNewComputerUITests" */;
			buildPhases = (
				2A034CEBA85245F82986CA84 /* [CP] Check Pods Manifest.lock */,
				35CB984922E679BE0072FC9A /* Sources */,
				35CB984A22E679BE0072FC9A /* Frameworks */,
				35CB984B22E679BE0072FC9A /* Resources */,
			);
			buildRules = (
			);
			dependencies = (
				35CB984F22E679BE0072FC9A /* PBXTargetDependency */,
			);
			name = ademNewComputerUITests;
			productName = ademNewComputerUITests;
			productReference = 35CB984D22E679BE0072FC9A /* ademNewComputerUITests.xctest */;
			productType = "com.apple.product-type.bundle.ui-testing";
		};
/* End PBXNativeTarget section */

/* Begin PBXProject section */
		35CB982322E679BB0072FC9A /* Project object */ = {
			isa = PBXProject;
			attributes = {
				LastSwiftUpdateCheck = 1020;
				LastUpgradeCheck = 1020;
				ORGANIZATIONNAME = "Coleman Coats";
				TargetAttributes = {
					35CB982A22E679BB0072FC9A = {
						CreatedOnToolsVersion = 10.2.1;
					};
					35CB984122E679BE0072FC9A = {
						CreatedOnToolsVersion = 10.2.1;
						TestTargetID = 35CB982A22E679BB0072FC9A;
					};
					35CB984C22E679BE0072FC9A = {
						CreatedOnToolsVersion = 10.2.1;
						TestTargetID = 35CB982A22E679BB0072FC9A;
					};
				};
			};
			buildConfigurationList = 35CB982622E679BB0072FC9A /* Build configuration list for PBXProject "ademNewComputer" */;
			compatibilityVersion = "Xcode 9.3";
			developmentRegion = en;
			hasScannedForEncodings = 0;
			knownRegions = (
				en,
				Base,
			);
			mainGroup = 35CB982222E679BB0072FC9A;
			productRefGroup = 35CB982C22E679BB0072FC9A /* Products */;
			projectDirPath = "";
			projectRoot = "";
			targets = (
				35CB982A22E679BB0072FC9A /* ademNewComputer */,
				35CB984122E679BE0072FC9A /* ademNewComputerTests */,
				35CB984C22E679BE0072FC9A /* ademNewComputerUITests */,
			);
		};
/* End PBXProject section */

/* Begin PBXResourcesBuildPhase section */
		35CB982922E679BB0072FC9A /* Resources */ = {
			isa = PBXResourcesBuildPhase;
			buildActionMask = 2147483647;
			files = (
				35CB983C22E679BD0072FC9A /* LaunchScreen.storyboard in Resources */,
				35CB983922E679BD0072FC9A /* Assets.xcassets in Resources */,
				35CB983422E679BB0072FC9A /* Main.storyboard in Resources */,
			);
			runOnlyForDeploymentPostprocessing = 0;
		};
		35CB984022E679BE0072FC9A /* Resources */ = {
			isa = PBXResourcesBuildPhase;
			buildActionMask = 2147483647;
			files = (
			);
			runOnlyForDeploymentPostprocessing = 0;
		};
		35CB984B22E679BE0072FC9A /* Resources */ = {
			isa = PBXResourcesBuildPhase;
			buildActionMask = 2147483647;
			files = (
			);
			runOnlyForDeploymentPostprocessing = 0;
		};
/* End PBXResourcesBuildPhase section */

/* Begin PBXShellScriptBuildPhase section */
		2A034CEBA85245F82986CA84 /* [CP] Check Pods Manifest.lock */ = {
			isa = PBXShellScriptBuildPhase;
			buildActionMask = 2147483647;
			files = (
			);
			inputPaths = (
				"${PODS_PODFILE_DIR_PATH}/Podfile.lock",
				"${PODS_ROOT}/Manifest.lock",
			);
			name = "[CP] Check Pods Manifest.lock";
			outputPaths = (
				"$(DERIVED_FILE_DIR)/Pods-ademNewComputerUITests-checkManifestLockResult.txt",
			);
			runOnlyForDeploymentPostprocessing = 0;
			shellPath = /bin/sh;
			shellScript = "diff \"${PODS_PODFILE_DIR_PATH}/Podfile.lock\" \"${PODS_ROOT}/Manifest.lock\" > /dev/null\nif [ $? != 0 ] ; then\n    # print error to STDERR\n    echo \"error: The sandbox is not in sync with the Podfile.lock. Run 'pod install' or update your CocoaPods installation.\" >&2\n    exit 1\nfi\n# This output is used by Xcode 'outputs' to avoid re-running this script phase.\necho \"SUCCESS\" > \"${SCRIPT_OUTPUT_FILE_0}\"\n";
			showEnvVarsInLog = 0;
		};
		597D40C00747C2C3741E53C7 /* [CP] Check Pods Manifest.lock */ = {
			isa = PBXShellScriptBuildPhase;
			buildActionMask = 2147483647;
			files = (
			);
			inputPaths = (
				"${PODS_PODFILE_DIR_PATH}/Podfile.lock",
				"${PODS_ROOT}/Manifest.lock",
			);
			name = "[CP] Check Pods Manifest.lock";
			outputPaths = (
				"$(DERIVED_FILE_DIR)/Pods-ademNewComputer-checkManifestLockResult.txt",
			);
			runOnlyForDeploymentPostprocessing = 0;
			shellPath = /bin/sh;
			shellScript = "diff \"${PODS_PODFILE_DIR_PATH}/Podfile.lock\" \"${PODS_ROOT}/Manifest.lock\" > /dev/null\nif [ $? != 0 ] ; then\n    # print error to STDERR\n    echo \"error: The sandbox is not in sync with the Podfile.lock. Run 'pod install' or update your CocoaPods installation.\" >&2\n    exit 1\nfi\n# This output is used by Xcode 'outputs' to avoid re-running this script phase.\necho \"SUCCESS\" > \"${SCRIPT_OUTPUT_FILE_0}\"\n";
			showEnvVarsInLog = 0;
		};
		F8FF13DA17E1CBA5ECC53780 /* [CP] Check Pods Manifest.lock */ = {
			isa = PBXShellScriptBuildPhase;
			buildActionMask = 2147483647;
			files = (
			);
			inputPaths = (
				"${PODS_PODFILE_DIR_PATH}/Podfile.lock",
				"${PODS_ROOT}/Manifest.lock",
			);
			name = "[CP] Check Pods Manifest.lock";
			outputPaths = (
				"$(DERIVED_FILE_DIR)/Pods-ademNewComputerTests-checkManifestLockResult.txt",
			);
			runOnlyForDeploymentPostprocessing = 0;
			shellPath = /bin/sh;
			shellScript = "diff \"${PODS_PODFILE_DIR_PATH}/Podfile.lock\" \"${PODS_ROOT}/Manifest.lock\" > /dev/null\nif [ $? != 0 ] ; then\n    # print error to STDERR\n    echo \"error: The sandbox is not in sync with the Podfile.lock. Run 'pod install' or update your CocoaPods installation.\" >&2\n    exit 1\nfi\n# This output is used by Xcode 'outputs' to avoid re-running this script phase.\necho \"SUCCESS\" > \"${SCRIPT_OUTPUT_FILE_0}\"\n";
			showEnvVarsInLog = 0;
		};
/* End PBXShellScriptBuildPhase section */

/* Begin PBXSourcesBuildPhase section */
		35CB982722E679BB0072FC9A /* Sources */ = {
			isa = PBXSourcesBuildPhase;
			buildActionMask = 2147483647;
			files = (
				35E43C8E22E67F3A002D2B26 /* ProductInfoVC.swift in Sources */,
				35E43C6B22E67D1D002D2B26 /* Circle Trasition.swift in Sources */,
				35E43C9022E67F4C002D2B26 /* settingVC.swift in Sources */,
				35E43C7722E67DDF002D2B26 /* Design.Elements.swift in Sources */,
				35E43CA522E680B4002D2B26 /* settingsLayout.swift in Sources */,
				35E43CB522E68193002D2B26 /* Product.swift in Sources */,
				35CB983122E679BB0072FC9A /* ViewController.swift in Sources */,
				35E43CC022E6822D002D2B26 /* FriendsLayout.swift in Sources */,
				35E43C6822E67CEB002D2B26 /* Custom Alert.swift in Sources */,
				35E43C6122E67C2B002D2B26 /* productCell.swift in Sources */,
				35E43C5D22E67BE9002D2B26 /* TableViewTest.swift in Sources */,
				35E43CA722E680D0002D2B26 /* pantryCellLayout.swift in Sources */,
				35E43CB022E6815C002D2B26 /* Cloud Storage.swift in Sources */,
				35E43C7B22E67E22002D2B26 /* Delete cell extension.swift in Sources */,
				35E43C9922E68020002D2B26 /* AcctCellDesign.swift in Sources */,
				35E43CC222E68246002D2B26 /* SettingTVC.swift in Sources */,
				35CB983722E679BB0072FC9A /* ademNewComputer.xcdatamodeld in Sources */,
				35E43CBD22E68203002D2B26 /* FirebaseFiles.swift in Sources */,
				35E43C8A22E67EFA002D2B26 /* AccountVC.swift in Sources */,
				35E43CA322E68095002D2B26 /* ItemLayout.swift in Sources */,
				35E43C6D22E67D35002D2B26 /* CircleTransition.swift in Sources */,
				35E43C9B22E68040002D2B26 /* ProductCell.swift in Sources */,
				35E43C6522E67C57002D2B26 /* profileVC.swift in Sources */,
				35E43C7922E67E0A002D2B26 /* AppDelegateUserLogin.swift in Sources */,
				35E43C8822E67EE4002D2B26 /* Meals.swift in Sources */,
				35E43C9422E67F8E002D2B26 /* PantryVCBackup.swift in Sources */,
				35E43CA922E680E9002D2B26 /* ItemVCLayout.swift in Sources */,
				35E43C6322E67C44002D2B26 /* AccountVCOld.swift in Sources */,
				35E43C7522E67DC8002D2B26 /* Color.swift in Sources */,
				35E43C7D22E67E35002D2B26 /* toolBar.swift in Sources */,
				35E43CB722E681A9002D2B26 /* PantryDataModel.swift in Sources */,
				35E43CB322E6817C002D2B26 /* DynamicAttributes.swift in Sources */,
				35E43C9622E67FA8002D2B26 /* accountBackup.swift in Sources */,
				35E43C5F22E67C10002D2B26 /* TestingAccount.swift in Sources */,
				35E43C7222E67D97002D2B26 /* SignUpInfo.swift in Sources */,
				35E43C9D22E68053002D2B26 /* tabBar.swift in Sources */,
				35E43C9F22E6806A002D2B26 /* CellLayout.swift in Sources */,
				35E43CAE22E68143002D2B26 /* DataService.swift in Sources */,
				35E43C9222E67F68002D2B26 /* SearchVC.swift in Sources */,
				35E43C8622E67ECD002D2B26 /* PantryVC.swift in Sources */,
				35E43CAB22E680FF002D2B26 /* accountViews.swift in Sources */,
				35E43C8222E67E96002D2B26 /* ListVC.swift in Sources */,
				35E43C6F22E67D4A002D2B26 /* swipe.swift in Sources */,
				35E43C8C22E67F18002D2B26 /* tabController.swift in Sources */,
				35E43CA122E6807E002D2B26 /* AcctElements.swift in Sources */,
				35CB982F22E679BB0072FC9A /* AppDelegate.swift in Sources */,
				35E43C8422E67EB1002D2B26 /* ItemVC.swift in Sources */,
				35E43C8022E67E7D002D2B26 /* Login Screen.swift in Sources */,
				35E43CBA22E681DF002D2B26 /* BLEHR.swift in Sources */,
			);
			runOnlyForDeploymentPostprocessing = 0;
		};
		35CB983E22E679BE0072FC9A /* Sources */ = {
			isa = PBXSourcesBuildPhase;
			buildActionMask = 2147483647;
			files = (
				35CB984722E679BE0072FC9A /* ademNewComputerTests.swift in Sources */,
			);
			runOnlyForDeploymentPostprocessing = 0;
		};
		35CB984922E679BE0072FC9A /* Sources */ = {
			isa = PBXSourcesBuildPhase;
			buildActionMask = 2147483647;
			files = (
				35CB985222E679BE0072FC9A /* ademNewComputerUITests.swift in Sources */,
			);
			runOnlyForDeploymentPostprocessing = 0;
		};
/* End PBXSourcesBuildPhase section */

/* Begin PBXTargetDependency section */
		35CB984422E679BE0072FC9A /* PBXTargetDependency */ = {
			isa = PBXTargetDependency;
			target = 35CB982A22E679BB0072FC9A /* ademNewComputer */;
			targetProxy = 35CB984322E679BE0072FC9A /* PBXContainerItemProxy */;
		};
		35CB984F22E679BE0072FC9A /* PBXTargetDependency */ = {
			isa = PBXTargetDependency;
			target = 35CB982A22E679BB0072FC9A /* ademNewComputer */;
			targetProxy = 35CB984E22E679BE0072FC9A /* PBXContainerItemProxy */;
		};
/* End PBXTargetDependency section */

/* Begin PBXVariantGroup section */
		35CB983222E679BB0072FC9A /* Main.storyboard */ = {
			isa = PBXVariantGroup;
			children = (
				35CB983322E679BB0072FC9A /* Base */,
			);
			name = Main.storyboard;
			sourceTree = "<group>";
		};
		35CB983A22E679BD0072FC9A /* LaunchScreen.storyboard */ = {
			isa = PBXVariantGroup;
			children = (
				35CB983B22E679BD0072FC9A /* Base */,
			);
			name = LaunchScreen.storyboard;
			sourceTree = "<group>";
		};
/* End PBXVariantGroup section */

/* Begin XCBuildConfiguration section */
		35CB985422E679BE0072FC9A /* Debug */ = {
			isa = XCBuildConfiguration;
			buildSettings = {
				ALWAYS_SEARCH_USER_PATHS = NO;
				CLANG_ANALYZER_NONNULL = YES;
				CLANG_ANALYZER_NUMBER_OBJECT_CONVERSION = YES_AGGRESSIVE;
				CLANG_CXX_LANGUAGE_STANDARD = "gnu++14";
				CLANG_CXX_LIBRARY = "libc++";
				CLANG_ENABLE_MODULES = YES;
				CLANG_ENABLE_OBJC_ARC = YES;
				CLANG_ENABLE_OBJC_WEAK = YES;
				CLANG_WARN_BLOCK_CAPTURE_AUTORELEASING = YES;
				CLANG_WARN_BOOL_CONVERSION = YES;
				CLANG_WARN_COMMA = YES;
				CLANG_WARN_CONSTANT_CONVERSION = YES;
				CLANG_WARN_DEPRECATED_OBJC_IMPLEMENTATIONS = YES;
				CLANG_WARN_DIRECT_OBJC_ISA_USAGE = YES_ERROR;
				CLANG_WARN_DOCUMENTATION_COMMENTS = YES;
				CLANG_WARN_EMPTY_BODY = YES;
				CLANG_WARN_ENUM_CONVERSION = YES;
				CLANG_WARN_INFINITE_RECURSION = YES;
				CLANG_WARN_INT_CONVERSION = YES;
				CLANG_WARN_NON_LITERAL_NULL_CONVERSION = YES;
				CLANG_WARN_OBJC_IMPLICIT_RETAIN_SELF = YES;
				CLANG_WARN_OBJC_LITERAL_CONVERSION = YES;
				CLANG_WARN_OBJC_ROOT_CLASS = YES_ERROR;
				CLANG_WARN_RANGE_LOOP_ANALYSIS = YES;
				CLANG_WARN_STRICT_PROTOTYPES = YES;
				CLANG_WARN_SUSPICIOUS_MOVE = YES;
				CLANG_WARN_UNGUARDED_AVAILABILITY = YES_AGGRESSIVE;
				CLANG_WARN_UNREACHABLE_CODE = YES;
				CLANG_WARN__DUPLICATE_METHOD_MATCH = YES;
				CODE_SIGN_IDENTITY = "iPhone Developer";
				COPY_PHASE_STRIP = NO;
				DEBUG_INFORMATION_FORMAT = dwarf;
				ENABLE_STRICT_OBJC_MSGSEND = YES;
				ENABLE_TESTABILITY = YES;
				GCC_C_LANGUAGE_STANDARD = gnu11;
				GCC_DYNAMIC_NO_PIC = NO;
				GCC_NO_COMMON_BLOCKS = YES;
				GCC_OPTIMIZATION_LEVEL = 0;
				GCC_PREPROCESSOR_DEFINITIONS = (
					"DEBUG=1",
					"$(inherited)",
				);
				GCC_WARN_64_TO_32_BIT_CONVERSION = YES;
				GCC_WARN_ABOUT_RETURN_TYPE = YES_ERROR;
				GCC_WARN_UNDECLARED_SELECTOR = YES;
				GCC_WARN_UNINITIALIZED_AUTOS = YES_AGGRESSIVE;
				GCC_WARN_UNUSED_FUNCTION = YES;
				GCC_WARN_UNUSED_VARIABLE = YES;
				IPHONEOS_DEPLOYMENT_TARGET = 12.2;
				MTL_ENABLE_DEBUG_INFO = INCLUDE_SOURCE;
				MTL_FAST_MATH = YES;
				ONLY_ACTIVE_ARCH = YES;
				SDKROOT = iphoneos;
				SWIFT_ACTIVE_COMPILATION_CONDITIONS = DEBUG;
				SWIFT_OPTIMIZATION_LEVEL = "-Onone";
			};
			name = Debug;
		};
		35CB985522E679BE0072FC9A /* Release */ = {
			isa = XCBuildConfiguration;
			buildSettings = {
				ALWAYS_SEARCH_USER_PATHS = NO;
				CLANG_ANALYZER_NONNULL = YES;
				CLANG_ANALYZER_NUMBER_OBJECT_CONVERSION = YES_AGGRESSIVE;
				CLANG_CXX_LANGUAGE_STANDARD = "gnu++14";
				CLANG_CXX_LIBRARY = "libc++";
				CLANG_ENABLE_MODULES = YES;
				CLANG_ENABLE_OBJC_ARC = YES;
				CLANG_ENABLE_OBJC_WEAK = YES;
				CLANG_WARN_BLOCK_CAPTURE_AUTORELEASING = YES;
				CLANG_WARN_BOOL_CONVERSION = YES;
				CLANG_WARN_COMMA = YES;
				CLANG_WARN_CONSTANT_CONVERSION = YES;
				CLANG_WARN_DEPRECATED_OBJC_IMPLEMENTATIONS = YES;
				CLANG_WARN_DIRECT_OBJC_ISA_USAGE = YES_ERROR;
				CLANG_WARN_DOCUMENTATION_COMMENTS = YES;
				CLANG_WARN_EMPTY_BODY = YES;
				CLANG_WARN_ENUM_CONVERSION = YES;
				CLANG_WARN_INFINITE_RECURSION = YES;
				CLANG_WARN_INT_CONVERSION = YES;
				CLANG_WARN_NON_LITERAL_NULL_CONVERSION = YES;
				CLANG_WARN_OBJC_IMPLICIT_RETAIN_SELF = YES;
				CLANG_WARN_OBJC_LITERAL_CONVERSION = YES;
				CLANG_WARN_OBJC_ROOT_CLASS = YES_ERROR;
				CLANG_WARN_RANGE_LOOP_ANALYSIS = YES;
				CLANG_WARN_STRICT_PROTOTYPES = YES;
				CLANG_WARN_SUSPICIOUS_MOVE = YES;
				CLANG_WARN_UNGUARDED_AVAILABILITY = YES_AGGRESSIVE;
				CLANG_WARN_UNREACHABLE_CODE = YES;
				CLANG_WARN__DUPLICATE_METHOD_MATCH = YES;
				CODE_SIGN_IDENTITY = "iPhone Developer";
				COPY_PHASE_STRIP = NO;
				DEBUG_INFORMATION_FORMAT = "dwarf-with-dsym";
				ENABLE_NS_ASSERTIONS = NO;
				ENABLE_STRICT_OBJC_MSGSEND = YES;
				GCC_C_LANGUAGE_STANDARD = gnu11;
				GCC_NO_COMMON_BLOCKS = YES;
				GCC_WARN_64_TO_32_BIT_CONVERSION = YES;
				GCC_WARN_ABOUT_RETURN_TYPE = YES_ERROR;
				GCC_WARN_UNDECLARED_SELECTOR = YES;
				GCC_WARN_UNINITIALIZED_AUTOS = YES_AGGRESSIVE;
				GCC_WARN_UNUSED_FUNCTION = YES;
				GCC_WARN_UNUSED_VARIABLE = YES;
				IPHONEOS_DEPLOYMENT_TARGET = 12.2;
				MTL_ENABLE_DEBUG_INFO = NO;
				MTL_FAST_MATH = YES;
				SDKROOT = iphoneos;
				SWIFT_COMPILATION_MODE = wholemodule;
				SWIFT_OPTIMIZATION_LEVEL = "-O";
				VALIDATE_PRODUCT = YES;
			};
			name = Release;
		};
		35CB985722E679BE0072FC9A /* Debug */ = {
			isa = XCBuildConfiguration;
			baseConfigurationReference = 8AA78CA9286A0E9794EF79FE /* Pods-ademNewComputer.debug.xcconfig */;
			buildSettings = {
				ASSETCATALOG_COMPILER_APPICON_NAME = AppIcon;
				CODE_SIGN_STYLE = Automatic;
				DEVELOPMENT_TEAM = N372M2L25B;
				INFOPLIST_FILE = ademNewComputer/Info.plist;
				LD_RUNPATH_SEARCH_PATHS = (
					"$(inherited)",
					"@executable_path/Frameworks",
				);
				PRODUCT_BUNDLE_IDENTIFIER = Adem.co.ademNewComputer;
				PRODUCT_NAME = "$(TARGET_NAME)";
				SWIFT_VERSION = 5.0;
				TARGETED_DEVICE_FAMILY = "1,2";
			};
			name = Debug;
		};
		35CB985822E679BE0072FC9A /* Release */ = {
			isa = XCBuildConfiguration;
			baseConfigurationReference = C06B285B7EC766AC45C781EF /* Pods-ademNewComputer.release.xcconfig */;
			buildSettings = {
				ASSETCATALOG_COMPILER_APPICON_NAME = AppIcon;
				CODE_SIGN_STYLE = Automatic;
				DEVELOPMENT_TEAM = N372M2L25B;
				INFOPLIST_FILE = ademNewComputer/Info.plist;
				LD_RUNPATH_SEARCH_PATHS = (
					"$(inherited)",
					"@executable_path/Frameworks",
				);
				PRODUCT_BUNDLE_IDENTIFIER = Adem.co.ademNewComputer;
				PRODUCT_NAME = "$(TARGET_NAME)";
				SWIFT_VERSION = 5.0;
				TARGETED_DEVICE_FAMILY = "1,2";
			};
			name = Release;
		};
		35CB985A22E679BE0072FC9A /* Debug */ = {
			isa = XCBuildConfiguration;
			baseConfigurationReference = AAF457D5247669797853F893 /* Pods-ademNewComputerTests.debug.xcconfig */;
			buildSettings = {
				ALWAYS_EMBED_SWIFT_STANDARD_LIBRARIES = YES;
				BUNDLE_LOADER = "$(TEST_HOST)";
				CODE_SIGN_STYLE = Automatic;
				DEVELOPMENT_TEAM = N372M2L25B;
				INFOPLIST_FILE = ademNewComputerTests/Info.plist;
				LD_RUNPATH_SEARCH_PATHS = (
					"$(inherited)",
					"@executable_path/Frameworks",
					"@loader_path/Frameworks",
				);
				PRODUCT_BUNDLE_IDENTIFIER = Adem.co.ademNewComputerTests;
				PRODUCT_NAME = "$(TARGET_NAME)";
				SWIFT_VERSION = 5.0;
				TARGETED_DEVICE_FAMILY = "1,2";
				TEST_HOST = "$(BUILT_PRODUCTS_DIR)/ademNewComputer.app/ademNewComputer";
			};
			name = Debug;
		};
		35CB985B22E679BE0072FC9A /* Release */ = {
			isa = XCBuildConfiguration;
			baseConfigurationReference = B9EF175D1EC2A62E4C2CA2A5 /* Pods-ademNewComputerTests.release.xcconfig */;
			buildSettings = {
				ALWAYS_EMBED_SWIFT_STANDARD_LIBRARIES = YES;
				BUNDLE_LOADER = "$(TEST_HOST)";
				CODE_SIGN_STYLE = Automatic;
				DEVELOPMENT_TEAM = N372M2L25B;
				INFOPLIST_FILE = ademNewComputerTests/Info.plist;
				LD_RUNPATH_SEARCH_PATHS = (
					"$(inherited)",
					"@executable_path/Frameworks",
					"@loader_path/Frameworks",
				);
				PRODUCT_BUNDLE_IDENTIFIER = Adem.co.ademNewComputerTests;
				PRODUCT_NAME = "$(TARGET_NAME)";
				SWIFT_VERSION = 5.0;
				TARGETED_DEVICE_FAMILY = "1,2";
				TEST_HOST = "$(BUILT_PRODUCTS_DIR)/ademNewComputer.app/ademNewComputer";
			};
			name = Release;
		};
		35CB985D22E679BE0072FC9A /* Debug */ = {
			isa = XCBuildConfiguration;
			baseConfigurationReference = 6B3BA109A355960EB8A5F210 /* Pods-ademNewComputerUITests.debug.xcconfig */;
			buildSettings = {
				ALWAYS_EMBED_SWIFT_STANDARD_LIBRARIES = YES;
				CODE_SIGN_STYLE = Automatic;
				DEVELOPMENT_TEAM = N372M2L25B;
				INFOPLIST_FILE = ademNewComputerUITests/Info.plist;
				LD_RUNPATH_SEARCH_PATHS = (
					"$(inherited)",
					"@executable_path/Frameworks",
					"@loader_path/Frameworks",
				);
				PRODUCT_BUNDLE_IDENTIFIER = Adem.co.ademNewComputerUITests;
				PRODUCT_NAME = "$(TARGET_NAME)";
				SWIFT_VERSION = 5.0;
				TARGETED_DEVICE_FAMILY = "1,2";
				TEST_TARGET_NAME = ademNewComputer;
			};
			name = Debug;
		};
		35CB985E22E679BE0072FC9A /* Release */ = {
			isa = XCBuildConfiguration;
			baseConfigurationReference = CE2AF4B31DA736DDAF552F93 /* Pods-ademNewComputerUITests.release.xcconfig */;
			buildSettings = {
				ALWAYS_EMBED_SWIFT_STANDARD_LIBRARIES = YES;
				CODE_SIGN_STYLE = Automatic;
				DEVELOPMENT_TEAM = N372M2L25B;
				INFOPLIST_FILE = ademNewComputerUITests/Info.plist;
				LD_RUNPATH_SEARCH_PATHS = (
					"$(inherited)",
					"@executable_path/Frameworks",
					"@loader_path/Frameworks",
				);
				PRODUCT_BUNDLE_IDENTIFIER = Adem.co.ademNewComputerUITests;
				PRODUCT_NAME = "$(TARGET_NAME)";
				SWIFT_VERSION = 5.0;
				TARGETED_DEVICE_FAMILY = "1,2";
				TEST_TARGET_NAME = ademNewComputer;
			};
			name = Release;
		};
/* End XCBuildConfiguration section */

/* Begin XCConfigurationList section */
		35CB982622E679BB0072FC9A /* Build configuration list for PBXProject "ademNewComputer" */ = {
			isa = XCConfigurationList;
			buildConfigurations = (
				35CB985422E679BE0072FC9A /* Debug */,
				35CB985522E679BE0072FC9A /* Release */,
			);
			defaultConfigurationIsVisible = 0;
			defaultConfigurationName = Release;
		};
		35CB985622E679BE0072FC9A /* Build configuration list for PBXNativeTarget "ademNewComputer" */ = {
			isa = XCConfigurationList;
			buildConfigurations = (
				35CB985722E679BE0072FC9A /* Debug */,
				35CB985822E679BE0072FC9A /* Release */,
			);
			defaultConfigurationIsVisible = 0;
			defaultConfigurationName = Release;
		};
		35CB985922E679BE0072FC9A /* Build configuration list for PBXNativeTarget "ademNewComputerTests" */ = {
			isa = XCConfigurationList;
			buildConfigurations = (
				35CB985A22E679BE0072FC9A /* Debug */,
				35CB985B22E679BE0072FC9A /* Release */,
			);
			defaultConfigurationIsVisible = 0;
			defaultConfigurationName = Release;
		};
		35CB985C22E679BE0072FC9A /* Build configuration list for PBXNativeTarget "ademNewComputerUITests" */ = {
			isa = XCConfigurationList;
			buildConfigurations = (
				35CB985D22E679BE0072FC9A /* Debug */,
				35CB985E22E679BE0072FC9A /* Release */,
			);
			defaultConfigurationIsVisible = 0;
			defaultConfigurationName = Release;
		};
/* End XCConfigurationList section */

/* Begin XCVersionGroup section */
		35CB983522E679BB0072FC9A /* ademNewComputer.xcdatamodeld */ = {
			isa = XCVersionGroup;
			children = (
				35CB983622E679BB0072FC9A /* ademNewComputer.xcdatamodel */,
			);
			currentVersion = 35CB983622E679BB0072FC9A /* ademNewComputer.xcdatamodel */;
			path = ademNewComputer.xcdatamodeld;
			sourceTree = "<group>";
			versionGroupType = wrapper.xcdatamodel;
		};
/* End XCVersionGroup section */
	};
	rootObject = 35CB982322E679BB0072FC9A /* Project object */;
}
